// !$*UTF8*$!
{
	archiveVersion = 1;
	classes = {
	};
	objectVersion = 46;
	objects = {

/* Begin PBXBuildFile section */
		84486C7F1EBB78EE00887D9F /* CassiniViewController.swift in Sources */ = {isa = PBXBuildFile; fileRef = 84486C7E1EBB78EE00887D9F /* CassiniViewController.swift */; };
		8456B1211EB9BF1B001ED284 /* AppDelegate.swift in Sources */ = {isa = PBXBuildFile; fileRef = 8456B1201EB9BF1B001ED284 /* AppDelegate.swift */; };
		8456B1261EB9BF1B001ED284 /* Main.storyboard in Resources */ = {isa = PBXBuildFile; fileRef = 8456B1241EB9BF1B001ED284 /* Main.storyboard */; };
		8456B1281EB9BF1B001ED284 /* Assets.xcassets in Resources */ = {isa = PBXBuildFile; fileRef = 8456B1271EB9BF1B001ED284 /* Assets.xcassets */; };
		8456B12B1EB9BF1B001ED284 /* LaunchScreen.storyboard in Resources */ = {isa = PBXBuildFile; fileRef = 8456B1291EB9BF1B001ED284 /* LaunchScreen.storyboard */; };
		8456B1341EB9BFA6001ED284 /* ImageViewController.swift in Sources */ = {isa = PBXBuildFile; fileRef = 8456B1331EB9BFA6001ED284 /* ImageViewController.swift */; };
		8456B1361EB9C23A001ED284 /* DemoURL.swift in Sources */ = {isa = PBXBuildFile; fileRef = 8456B1351EB9C23A001ED284 /* DemoURL.swift */; };
/* End PBXBuildFile section */

/* Begin PBXFileReference section */
		84486C7E1EBB78EE00887D9F /* CassiniViewController.swift */ = {isa = PBXFileReference; fileEncoding = 4; lastKnownFileType = sourcecode.swift; path = CassiniViewController.swift; sourceTree = "<group>"; };
		8456B11D1EB9BF1B001ED284 /* Cassini.app */ = {isa = PBXFileReference; explicitFileType = wrapper.application; includeInIndex = 0; path = Cassini.app; sourceTree = BUILT_PRODUCTS_DIR; };
		8456B1201EB9BF1B001ED284 /* AppDelegate.swift */ = {isa = PBXFileReference; lastKnownFileType = sourcecode.swift; path = AppDelegate.swift; sourceTree = "<group>"; };
		8456B1251EB9BF1B001ED284 /* Base */ = {isa = PBXFileReference; lastKnownFileType = file.storyboard; name = Base; path = Base.lproj/Main.storyboard; sourceTree = "<group>"; };
		8456B1271EB9BF1B001ED284 /* Assets.xcassets */ = {isa = PBXFileReference; lastKnownFileType = folder.assetcatalog; path = Assets.xcassets; sourceTree = "<group>"; };
		8456B12A1EB9BF1B001ED284 /* Base */ = {isa = PBXFileReference; lastKnownFileType = file.storyboard; name = Base; path = Base.lproj/LaunchScreen.storyboard; sourceTree = "<group>"; };
		8456B12C1EB9BF1B001ED284 /* Info.plist */ = {isa = PBXFileReference; lastKnownFileType = text.plist.xml; path = Info.plist; sourceTree = "<group>"; };
		8456B1331EB9BFA6001ED284 /* ImageViewController.swift */ = {isa = PBXFileReference; fileEncoding = 4; lastKnownFileType = sourcecode.swift; path = ImageViewController.swift; sourceTree = "<group>"; };
		8456B1351EB9C23A001ED284 /* DemoURL.swift */ = {isa = PBXFileReference; fileEncoding = 4; lastKnownFileType = sourcecode.swift; path = DemoURL.swift; sourceTree = "<group>"; };
/* End PBXFileReference section */

/* Begin PBXFrameworksBuildPhase section */
		8456B11A1EB9BF1B001ED284 /* Frameworks */ = {
			isa = PBXFrameworksBuildPhase;
			buildActionMask = 2147483647;
			files = (
			);
			runOnlyForDeploymentPostprocessing = 0;
		};
/* End PBXFrameworksBuildPhase section */

/* Begin PBXGroup section */
		8456B1141EB9BF1B001ED284 = {
			isa = PBXGroup;
			children = (
				8456B11F1EB9BF1B001ED284 /* Cassini */,
				8456B11E1EB9BF1B001ED284 /* Products */,
			);
			sourceTree = "<group>";
		};
		8456B11E1EB9BF1B001ED284 /* Products */ = {
			isa = PBXGroup;
			children = (
				8456B11D1EB9BF1B001ED284 /* Cassini.app */,
			);
			name = Products;
			sourceTree = "<group>";
		};
		8456B11F1EB9BF1B001ED284 /* Cassini */ = {
			isa = PBXGroup;
			children = (
				8456B1241EB9BF1B001ED284 /* Main.storyboard */,
				8456B1331EB9BFA6001ED284 /* ImageViewController.swift */,
				84486C7E1EBB78EE00887D9F /* CassiniViewController.swift */,
				8456B1351EB9C23A001ED284 /* DemoURL.swift */,
				8456B12C1EB9BF1B001ED284 /* Info.plist */,
				8456B1321EB9BF4D001ED284 /* Supporting Files */,
			);
			path = Cassini;
			sourceTree = "<group>";
		};
		8456B1321EB9BF4D001ED284 /* Supporting Files */ = {
			isa = PBXGroup;
			children = (
				8456B1201EB9BF1B001ED284 /* AppDelegate.swift */,
				8456B1271EB9BF1B001ED284 /* Assets.xcassets */,
				8456B1291EB9BF1B001ED284 /* LaunchScreen.storyboard */,
			);
			name = "Supporting Files";
			sourceTree = "<group>";
		};
/* End PBXGroup section */

/* Begin PBXNativeTarget section */
		8456B11C1EB9BF1B001ED284 /* Cassini */ = {
			isa = PBXNativeTarget;
			buildConfigurationList = 8456B12F1EB9BF1B001ED284 /* Build configuration list for PBXNativeTarget "Cassini" */;
			buildPhases = (
				8456B1191EB9BF1B001ED284 /* Sources */,
				8456B11A1EB9BF1B001ED284 /* Frameworks */,
				8456B11B1EB9BF1B001ED284 /* Resources */,
			);
			buildRules = (
			);
			dependencies = (
			);
			name = Cassini;
			productName = Cassini;
			productReference = 8456B11D1EB9BF1B001ED284 /* Cassini.app */;
			productType = "com.apple.product-type.application";
		};
/* End PBXNativeTarget section */

/* Begin PBXProject section */
		8456B1151EB9BF1B001ED284 /* Project object */ = {
			isa = PBXProject;
			attributes = {
				LastSwiftUpdateCheck = 0830;
				LastUpgradeCheck = 0830;
				ORGANIZATIONNAME = rusel95;
				TargetAttributes = {
					8456B11C1EB9BF1B001ED284 = {
						CreatedOnToolsVersion = 8.3;
						DevelopmentTeam = FWHF624C4H;
						ProvisioningStyle = Automatic;
					};
				};
			};
			buildConfigurationList = 8456B1181EB9BF1B001ED284 /* Build configuration list for PBXProject "Cassini" */;
			compatibilityVersion = "Xcode 3.2";
			developmentRegion = English;
			hasScannedForEncodings = 0;
			knownRegions = (
				en,
				Base,
			);
			mainGroup = 8456B1141EB9BF1B001ED284;
			productRefGroup = 8456B11E1EB9BF1B001ED284 /* Products */;
			projectDirPath = "";
			projectRoot = "";
			targets = (
				8456B11C1EB9BF1B001ED284 /* Cassini */,
			);
		};
/* End PBXProject section */

/* Begin PBXResourcesBuildPhase section */
		8456B11B1EB9BF1B001ED284 /* Resources */ = {
			isa = PBXResourcesBuildPhase;
			buildActionMask = 2147483647;
			files = (
				8456B12B1EB9BF1B001ED284 /* LaunchScreen.storyboard in Resources */,
				8456B1281EB9BF1B001ED284 /* Assets.xcassets in Resources */,
				8456B1261EB9BF1B001ED284 /* Main.storyboard in Resources */,
			);
			runOnlyForDeploymentPostprocessing = 0;
		};
/* End PBXResourcesBuildPhase section */

/* Begin PBXSourcesBuildPhase section */
		8456B1191EB9BF1B001ED284 /* Sources */ = {
			isa = PBXSourcesBuildPhase;
			buildActionMask = 2147483647;
			files = (
				8456B1341EB9BFA6001ED284 /* ImageViewController.swift in Sources */,
				8456B1211EB9BF1B001ED284 /* AppDelegate.swift in Sources */,
				8456B1361EB9C23A001ED284 /* DemoURL.swift in Sources */,
				84486C7F1EBB78EE00887D9F /* CassiniViewController.swift in Sources */,
			);
			runOnlyForDeploymentPostprocessing = 0;
		};
/* End PBXSourcesBuildPhase section */

/* Begin PBXVariantGroup section */
		8456B1241EB9BF1B001ED284 /* Main.storyboard */ = {
			isa = PBXVariantGroup;
			children = (
				8456B1251EB9BF1B001ED284 /* Base */,
			);
			name = Main.storyboard;
			sourceTree = "<group>";
		};
		8456B1291EB9BF1B001ED284 /* LaunchScreen.storyboard */ = {
			isa = PBXVariantGroup;
			children = (
				8456B12A1EB9BF1B001ED284 /* Base */,
			);
			name = LaunchScreen.storyboard;
			sourceTree = "<group>";
		};
/* End PBXVariantGroup section */

/* Begin XCBuildConfiguration section */
		8456B12D1EB9BF1B001ED284 /* Debug */ = {
			isa = XCBuildConfiguration;
			buildSettings = {
				ALWAYS_SEARCH_USER_PATHS = NO;
				CLANG_ANALYZER_NONNULL = YES;
				CLANG_ANALYZER_NUMBER_OBJECT_CONVERSION = YES_AGGRESSIVE;
				CLANG_CXX_LANGUAGE_STANDARD = "gnu++0x";
				CLANG_CXX_LIBRARY = "libc++";
				CLANG_ENABLE_MODULES = YES;
				CLANG_ENABLE_OBJC_ARC = YES;
				CLANG_WARN_BOOL_CONVERSION = YES;
				CLANG_WARN_CONSTANT_CONVERSION = YES;
				CLANG_WARN_DIRECT_OBJC_ISA_USAGE = YES_ERROR;
				CLANG_WARN_DOCUMENTATION_COMMENTS = YES;
				CLANG_WARN_EMPTY_BODY = YES;
				CLANG_WARN_ENUM_CONVERSION = YES;
				CLANG_WARN_INFINITE_RECURSION = YES;
				CLANG_WARN_INT_CONVERSION = YES;
				CLANG_WARN_OBJC_ROOT_CLASS = YES_ERROR;
				CLANG_WARN_SUSPICIOUS_MOVE = YES;
				CLANG_WARN_UNREACHABLE_CODE = YES;
				CLANG_WARN__DUPLICATE_METHOD_MATCH = YES;
				"CODE_SIGN_IDENTITY[sdk=iphoneos*]" = "iPhone Developer";
				COPY_PHASE_STRIP = NO;
				DEBUG_INFORMATION_FORMAT = dwarf;
				ENABLE_STRICT_OBJC_MSGSEND = YES;
				ENABLE_TESTABILITY = YES;
				GCC_C_LANGUAGE_STANDARD = gnu99;
				GCC_DYNAMIC_NO_PIC = NO;
				GCC_NO_COMMON_BLOCKS = YES;
				GCC_OPTIMIZATION_LEVEL = 0;
				GCC_PREPROCESSOR_DEFINITIONS = (
					"DEBUG=1",
					"$(inherited)",
				);
				GCC_WARN_64_TO_32_BIT_CONVERSION = YES;
				GCC_WARN_ABOUT_RETURN_TYPE = YES_ERROR;
				GCC_WARN_UNDECLARED_SELECTOR = YES;
				GCC_WARN_UNINITIALIZED_AUTOS = YES_AGGRESSIVE;
				GCC_WARN_UNUSED_FUNCTION = YES;
				GCC_WARN_UNUSED_VARIABLE = YES;
				IPHONEOS_DEPLOYMENT_TARGET = 10.3;
				MTL_ENABLE_DEBUG_INFO = YES;
				ONLY_ACTIVE_ARCH = YES;
				SDKROOT = iphoneos;
				SWIFT_ACTIVE_COMPILATION_CONDITIONS = DEBUG;
				SWIFT_OPTIMIZATION_LEVEL = "-Onone";
			};
			name = Debug;
		};
		8456B12E1EB9BF1B001ED284 /* Release */ = {
			isa = XCBuildConfiguration;
			buildSettings = {
				ALWAYS_SEARCH_USER_PATHS = NO;
				CLANG_ANALYZER_NONNULL = YES;
				CLANG_ANALYZER_NUMBER_OBJECT_CONVERSION = YES_AGGRESSIVE;
				CLANG_CXX_LANGUAGE_STANDARD = "gnu++0x";
				CLANG_CXX_LIBRARY = "libc++";
				CLANG_ENABLE_MODULES = YES;
				CLANG_ENABLE_OBJC_ARC = YES;
				CLANG_WARN_BOOL_CONVERSION = YES;
				CLANG_WARN_CONSTANT_CONVERSION = YES;
				CLANG_WARN_DIRECT_OBJC_ISA_USAGE = YES_ERROR;
				CLANG_WARN_DOCUMENTATION_COMMENTS = YES;
				CLANG_WARN_EMPTY_BODY = YES;
				CLANG_WARN_ENUM_CONVERSION = YES;
				CLANG_WARN_INFINITE_RECURSION = YES;
				CLANG_WARN_INT_CONVERSION = YES;
				CLANG_WARN_OBJC_ROOT_CLASS = YES_ERROR;
				CLANG_WARN_SUSPICIOUS_MOVE = YES;
				CLANG_WARN_UNREACHABLE_CODE = YES;
				CLANG_WARN__DUPLICATE_METHOD_MATCH = YES;
				"CODE_SIGN_IDENTITY[sdk=iphoneos*]" = "iPhone Developer";
				COPY_PHASE_STRIP = NO;
				DEBUG_INFORMATION_FORMAT = "dwarf-with-dsym";
				ENABLE_NS_ASSERTIONS = NO;
				ENABLE_STRICT_OBJC_MSGSEND = YES;
				GCC_C_LANGUAGE_STANDARD = gnu99;
				GCC_NO_COMMON_BLOCKS = YES;
				GCC_WARN_64_TO_32_BIT_CONVERSION = YES;
				GCC_WARN_ABOUT_RETURN_TYPE = YES_ERROR;
				GCC_WARN_UNDECLARED_SELECTOR = YES;
				GCC_WARN_UNINITIALIZED_AUTOS = YES_AGGRESSIVE;
				GCC_WARN_UNUSED_FUNCTION = YES;
				GCC_WARN_UNUSED_VARIABLE = YES;
				IPHONEOS_DEPLOYMENT_TARGET = 10.3;
				MTL_ENABLE_DEBUG_INFO = NO;
				SDKROOT = iphoneos;
				SWIFT_OPTIMIZATION_LEVEL = "-Owholemodule";
				VALIDATE_PRODUCT = YES;
			};
			name = Release;
		};
		8456B1301EB9BF1B001ED284 /* Debug */ = {
			isa = XCBuildConfiguration;
			buildSettings = {
				ASSETCATALOG_COMPILER_APPICON_NAME = AppIcon;
				DEVELOPMENT_TEAM = FWHF624C4H;
				INFOPLIST_FILE = Cassini/Info.plist;
				IPHONEOS_DEPLOYMENT_TARGET = 10.0;
				LD_RUNPATH_SEARCH_PATHS = "$(inherited) @executable_path/Frameworks";
				PRODUCT_BUNDLE_IDENTIFIER = com.rusel95.Cassini;
				PRODUCT_NAME = "$(TARGET_NAME)";
				SWIFT_VERSION = 3.0;
				TARGETED_DEVICE_FAMILY = "1,2";
			};
			name = Debug;
		};
		8456B1311EB9BF1B001ED284 /* Release */ = {
			isa = XCBuildConfiguration;
			buildSettings = {
				ASSETCATALOG_COMPILER_APPICON_NAME = AppIcon;
				DEVELOPMENT_TEAM = FWHF624C4H;
				INFOPLIST_FILE = Cassini/Info.plist;
				IPHONEOS_DEPLOYMENT_TARGET = 10.0;
				LD_RUNPATH_SEARCH_PATHS = "$(inherited) @executable_path/Frameworks";
				PRODUCT_BUNDLE_IDENTIFIER = com.rusel95.Cassini;
				PRODUCT_NAME = "$(TARGET_NAME)";
				SWIFT_VERSION = 3.0;
				TARGETED_DEVICE_FAMILY = "1,2";
			};
			name = Release;
		};
/* End XCBuildConfiguration section */

/* Begin XCConfigurationList section */
		8456B1181EB9BF1B001ED284 /* Build configuration list for PBXProject "Cassini" */ = {
			isa = XCConfigurationList;
			buildConfigurations = (
				8456B12D1EB9BF1B001ED284 /* Debug */,
				8456B12E1EB9BF1B001ED284 /* Release */,
			);
			defaultConfigurationIsVisible = 0;
			defaultConfigurationName = Release;
		};
		8456B12F1EB9BF1B001ED284 /* Build configuration list for PBXNativeTarget "Cassini" */ = {
			isa = XCConfigurationList;
			buildConfigurations = (
				8456B1301EB9BF1B001ED284 /* Debug */,
				8456B1311EB9BF1B001ED284 /* Release */,
			);
			defaultConfigurationIsVisible = 0;
			defaultConfigurationName = Release;
		};
/* End XCConfigurationList section */
	};
	rootObject = 8456B1151EB9BF1B001ED284 /* Project object */;
}
